
Microsoft Visual Studio Solution File, Format Version 12.00
# Visual Studio Version 17
VisualStudioVersion = 17.2.32516.85
MinimumVisualStudioVersion = 10.0.40219.1
Project("{9A19103F-16F7-4668-BE54-9A1E7A4F7556}") = "NETWzorceProjektowe", "NETWzorceProjektowe\NETWzorceProjektowe.csproj", "{FEBF290B-4B08-4D7E-9614-079D044B69EA}"
EndProject
Project("{2150E333-8FDC-42A3-9474-1A3956D46DE8}") = "Samples", "Samples", "{590DC3CE-52ED-49F5-A16A-EE9516C15B4A}"
EndProject
Project("{FAE04EC0-301F-11D3-BF4B-00C04F79EFBC}") = "AbstractFactory", "AbstractFactory\AbstractFactory.csproj", "{67F0E1E6-0E12-40F5-B71F-EC9E217914F7}"
EndProject
Project("{FAE04EC0-301F-11D3-BF4B-00C04F79EFBC}") = "Adapter", "Adapter\Adapter.csproj", "{7EAE4108-CF20-42E8-B011-8D9F2F891026}"
EndProject
Project("{FAE04EC0-301F-11D3-BF4B-00C04F79EFBC}") = "Bridge", "Bridge\Bridge.csproj", "{08ED1B4B-711C-4500-A380-F9454288E691}"
EndProject
Project("{FAE04EC0-301F-11D3-BF4B-00C04F79EFBC}") = "Builder", "Builder\Builder.csproj", "{ECD40C19-C21B-453B-A57C-22BC884F12CB}"
EndProject
Project("{FAE04EC0-301F-11D3-BF4B-00C04F79EFBC}") = "ChainOfResponsibility", "ChainOfResponsibility\ChainOfResponsibility.csproj", "{E3356AE6-5B85-4163-B647-EFD7DC544FFC}"
EndProject
Project("{FAE04EC0-301F-11D3-BF4B-00C04F79EFBC}") = "Command", "Command\Command.csproj", "{442F8983-D130-4EDC-85FF-BD3372E40A25}"
EndProject
Project("{FAE04EC0-301F-11D3-BF4B-00C04F79EFBC}") = "Facade", "Facade\Facade.csproj", "{F622287B-B0EF-48F7-98AC-158FB71C2480}"
EndProject
Project("{FAE04EC0-301F-11D3-BF4B-00C04F79EFBC}") = "Decorator", "Decorator\Decorator.csproj", "{0FC531E9-3BA9-4DAB-9C6B-813D873F80AF}"
EndProject
Project("{FAE04EC0-301F-11D3-BF4B-00C04F79EFBC}") = "Composite", "Composite\Composite.csproj", "{3BCA8A82-0242-434C-9299-C6CD5D49F301}"
EndProject
Project("{FAE04EC0-301F-11D3-BF4B-00C04F79EFBC}") = "FactoryMethod", "FactoryMethodPattern\FactoryMethod.csproj", "{18A0C631-63F2-466B-9195-9AD75543FF66}"
EndProject
Project("{FAE04EC0-301F-11D3-BF4B-00C04F79EFBC}") = "Flyweight", "Flyweight\Flyweight.csproj", "{9719E34D-9233-47A0-B655-399DA51A2042}"
EndProject
Project("{FAE04EC0-301F-11D3-BF4B-00C04F79EFBC}") = "Interpreter", "Interpreter\Interpreter.csproj", "{F17100BC-5EA9-4C5C-BCA6-47700D7A959D}"
EndProject
Project("{FAE04EC0-301F-11D3-BF4B-00C04F79EFBC}") = "Iterator", "Iterator\Iterator.csproj", "{0B9618CC-8F2A-48BE-B3D7-352537CC53D9}"
EndProject
Project("{FAE04EC0-301F-11D3-BF4B-00C04F79EFBC}") = "Mediator", "Mediator\Mediator.csproj", "{FE3E3012-8661-47B3-959A-9FC4EB7355CB}"
EndProject
Project("{FAE04EC0-301F-11D3-BF4B-00C04F79EFBC}") = "Memento", "Memento\Memento.csproj", "{77DCDAD8-B41F-426A-9BFD-6759E550F980}"
EndProject
Project("{FAE04EC0-301F-11D3-BF4B-00C04F79EFBC}") = "Observer", "Observer\Observer.csproj", "{118BF8BC-5145-4BF6-81CD-C1B188515B9C}"
EndProject
Project("{FAE04EC0-301F-11D3-BF4B-00C04F79EFBC}") = "Prototype", "Prototype\Prototype.csproj", "{BFD7D1E0-10D2-4158-87A3-0E5A58B98278}"
EndProject
Project("{FAE04EC0-301F-11D3-BF4B-00C04F79EFBC}") = "Proxy", "Proxy\Proxy.csproj", "{82184690-FCE4-48D9-BD74-73F2B43C0E97}"
EndProject
Project("{FAE04EC0-301F-11D3-BF4B-00C04F79EFBC}") = "Singleton", "Singleton\Singleton.csproj", "{93A3EBC2-54B8-431A-9864-693A2D6D0223}"
EndProject
Project("{FAE04EC0-301F-11D3-BF4B-00C04F79EFBC}") = "State", "State\State.csproj", "{4DFB974C-29C5-471A-A6E1-2DAF17203A8F}"
EndProject
Project("{FAE04EC0-301F-11D3-BF4B-00C04F79EFBC}") = "Strategy", "Strategy\Strategy.csproj", "{E7A921C3-E17F-4469-AC2F-0BB33E804641}"
EndProject
Project("{FAE04EC0-301F-11D3-BF4B-00C04F79EFBC}") = "TemplateMethod", "TemplateMethod\TemplateMethod.csproj", "{E7AA4325-5787-44B9-9CED-2F5275D5543C}"
EndProject
Project("{FAE04EC0-301F-11D3-BF4B-00C04F79EFBC}") = "Visitor", "Visitor\Visitor.csproj", "{4667507A-40A0-4697-B092-9EF70B3B2C73}"
EndProject
Project("{2150E333-8FDC-42A3-9474-1A3956D46DE8}") = "Tasks", "Tasks", "{CCA9D10F-4ABA-4A7D-A82A-5EB8A3FCAD66}"
	ProjectSection(SolutionItems) = preProject
		Zadania\README.md = Zadania\README.md
		Zadania\Workshop.md = Zadania\Workshop.md
	EndProjectSection
EndProject
Project("{9A19103F-16F7-4668-BE54-9A1E7A4F7556}") = "SingletonVault", "SingletonVault\SingletonVault.csproj", "{B4EB6160-616E-4F68-8B27-96B2601D89C8}"
EndProject
Project("{9A19103F-16F7-4668-BE54-9A1E7A4F7556}") = "WarriorFactory", "WarriorFactory\WarriorFactory.csproj", "{D2D571F7-82E0-4CF0-8D40-3CE6171BC477}"
EndProject
Project("{9A19103F-16F7-4668-BE54-9A1E7A4F7556}") = "WarriorBuilder", "WarriorBuilder\WarriorBuilder.csproj", "{A85B64C2-1093-4EE4-878C-793E8956C730}"
EndProject
Project("{9A19103F-16F7-4668-BE54-9A1E7A4F7556}") = "OrkPrototype", "OrkPrototype\OrkPrototype.csproj", "{68A2B5AB-EA86-4D7B-B7BC-90CB0F58F257}"
EndProject
Project("{9A19103F-16F7-4668-BE54-9A1E7A4F7556}") = "WeatherApiFacade", "WeatherApiFacade\WeatherApiFacade.csproj", "{4028F021-93BA-42E5-8CD3-C9A23DED7DE1}"
EndProject
Project("{9A19103F-16F7-4668-BE54-9A1E7A4F7556}") = "DownloadProxy", "DownloadProxy\DownloadProxy.csproj", "{8FE556C7-D644-474E-AAD5-756BCE6713AE}"
EndProject
Project("{9A19103F-16F7-4668-BE54-9A1E7A4F7556}") = "PartyAdapter", "PartyAdapter\PartyAdapter.csproj", "{2404D6B0-F174-470E-A790-CFD2723D5612}"
EndProject
Project("{9A19103F-16F7-4668-BE54-9A1E7A4F7556}") = "BridgeSystemInterface", "BridgeSystemInterface\BridgeSystemInterface.csproj", "{4EB0D78D-B12D-4EA9-9387-2319503F38F5}"
EndProject
Project("{9A19103F-16F7-4668-BE54-9A1E7A4F7556}") = "ShopDecorator", "ShopDecorator\ShopDecorator.csproj", "{2B746851-ED82-4021-8DE6-E3F95D8E3CE5}"
EndProject
Project("{9A19103F-16F7-4668-BE54-9A1E7A4F7556}") = "SantaClausFactory", "SantaClausFactory\SantaClausFactory.csproj", "{6478FCAE-567C-4F13-9140-C6723CDA4EAF}"
EndProject
Project("{FAE04EC0-301F-11D3-BF4B-00C04F79EFBC}") = "TeacherObserver", "TeacherObserver\TeacherObserver.csproj", "{F7BD5FD1-7390-4B43-8BE0-292CF7DC925A}"
EndProject
Project("{FAE04EC0-301F-11D3-BF4B-00C04F79EFBC}") = "PhotoSearchStrategy", "PhotoSearchStrategy\PhotoSearchStrategy.csproj", "{B9914FE3-EE09-4C2B-856F-4C6A05E0C726}"
EndProject
Global
	GlobalSection(SolutionConfigurationPlatforms) = preSolution
		Debug|Any CPU = Debug|Any CPU
		Release|Any CPU = Release|Any CPU
	EndGlobalSection
	GlobalSection(ProjectConfigurationPlatforms) = postSolution
		{FEBF290B-4B08-4D7E-9614-079D044B69EA}.Debug|Any CPU.ActiveCfg = Debug|Any CPU
		{FEBF290B-4B08-4D7E-9614-079D044B69EA}.Debug|Any CPU.Build.0 = Debug|Any CPU
		{FEBF290B-4B08-4D7E-9614-079D044B69EA}.Release|Any CPU.ActiveCfg = Release|Any CPU
		{FEBF290B-4B08-4D7E-9614-079D044B69EA}.Release|Any CPU.Build.0 = Release|Any CPU
		{67F0E1E6-0E12-40F5-B71F-EC9E217914F7}.Debug|Any CPU.ActiveCfg = Debug|Any CPU
		{67F0E1E6-0E12-40F5-B71F-EC9E217914F7}.Debug|Any CPU.Build.0 = Debug|Any CPU
		{67F0E1E6-0E12-40F5-B71F-EC9E217914F7}.Release|Any CPU.ActiveCfg = Release|Any CPU
		{67F0E1E6-0E12-40F5-B71F-EC9E217914F7}.Release|Any CPU.Build.0 = Release|Any CPU
		{7EAE4108-CF20-42E8-B011-8D9F2F891026}.Debug|Any CPU.ActiveCfg = Debug|Any CPU
		{7EAE4108-CF20-42E8-B011-8D9F2F891026}.Debug|Any CPU.Build.0 = Debug|Any CPU
		{7EAE4108-CF20-42E8-B011-8D9F2F891026}.Release|Any CPU.ActiveCfg = Release|Any CPU
		{7EAE4108-CF20-42E8-B011-8D9F2F891026}.Release|Any CPU.Build.0 = Release|Any CPU
		{08ED1B4B-711C-4500-A380-F9454288E691}.Debug|Any CPU.ActiveCfg = Debug|Any CPU
		{08ED1B4B-711C-4500-A380-F9454288E691}.Debug|Any CPU.Build.0 = Debug|Any CPU
		{08ED1B4B-711C-4500-A380-F9454288E691}.Release|Any CPU.ActiveCfg = Release|Any CPU
		{08ED1B4B-711C-4500-A380-F9454288E691}.Release|Any CPU.Build.0 = Release|Any CPU
		{ECD40C19-C21B-453B-A57C-22BC884F12CB}.Debug|Any CPU.ActiveCfg = Debug|Any CPU
		{ECD40C19-C21B-453B-A57C-22BC884F12CB}.Debug|Any CPU.Build.0 = Debug|Any CPU
		{ECD40C19-C21B-453B-A57C-22BC884F12CB}.Release|Any CPU.ActiveCfg = Release|Any CPU
		{ECD40C19-C21B-453B-A57C-22BC884F12CB}.Release|Any CPU.Build.0 = Release|Any CPU
		{E3356AE6-5B85-4163-B647-EFD7DC544FFC}.Debug|Any CPU.ActiveCfg = Debug|Any CPU
		{E3356AE6-5B85-4163-B647-EFD7DC544FFC}.Debug|Any CPU.Build.0 = Debug|Any CPU
		{E3356AE6-5B85-4163-B647-EFD7DC544FFC}.Release|Any CPU.ActiveCfg = Release|Any CPU
		{E3356AE6-5B85-4163-B647-EFD7DC544FFC}.Release|Any CPU.Build.0 = Release|Any CPU
		{442F8983-D130-4EDC-85FF-BD3372E40A25}.Debug|Any CPU.ActiveCfg = Debug|Any CPU
		{442F8983-D130-4EDC-85FF-BD3372E40A25}.Debug|Any CPU.Build.0 = Debug|Any CPU
		{442F8983-D130-4EDC-85FF-BD3372E40A25}.Release|Any CPU.ActiveCfg = Release|Any CPU
		{442F8983-D130-4EDC-85FF-BD3372E40A25}.Release|Any CPU.Build.0 = Release|Any CPU
		{F622287B-B0EF-48F7-98AC-158FB71C2480}.Debug|Any CPU.ActiveCfg = Debug|Any CPU
		{F622287B-B0EF-48F7-98AC-158FB71C2480}.Debug|Any CPU.Build.0 = Debug|Any CPU
		{F622287B-B0EF-48F7-98AC-158FB71C2480}.Release|Any CPU.ActiveCfg = Release|Any CPU
		{F622287B-B0EF-48F7-98AC-158FB71C2480}.Release|Any CPU.Build.0 = Release|Any CPU
		{0FC531E9-3BA9-4DAB-9C6B-813D873F80AF}.Debug|Any CPU.ActiveCfg = Debug|Any CPU
		{0FC531E9-3BA9-4DAB-9C6B-813D873F80AF}.Debug|Any CPU.Build.0 = Debug|Any CPU
		{0FC531E9-3BA9-4DAB-9C6B-813D873F80AF}.Release|Any CPU.ActiveCfg = Release|Any CPU
		{0FC531E9-3BA9-4DAB-9C6B-813D873F80AF}.Release|Any CPU.Build.0 = Release|Any CPU
		{3BCA8A82-0242-434C-9299-C6CD5D49F301}.Debug|Any CPU.ActiveCfg = Debug|Any CPU
		{3BCA8A82-0242-434C-9299-C6CD5D49F301}.Debug|Any CPU.Build.0 = Debug|Any CPU
		{3BCA8A82-0242-434C-9299-C6CD5D49F301}.Release|Any CPU.ActiveCfg = Release|Any CPU
		{3BCA8A82-0242-434C-9299-C6CD5D49F301}.Release|Any CPU.Build.0 = Release|Any CPU
		{18A0C631-63F2-466B-9195-9AD75543FF66}.Debug|Any CPU.ActiveCfg = Debug|Any CPU
		{18A0C631-63F2-466B-9195-9AD75543FF66}.Debug|Any CPU.Build.0 = Debug|Any CPU
		{18A0C631-63F2-466B-9195-9AD75543FF66}.Release|Any CPU.ActiveCfg = Release|Any CPU
		{18A0C631-63F2-466B-9195-9AD75543FF66}.Release|Any CPU.Build.0 = Release|Any CPU
		{9719E34D-9233-47A0-B655-399DA51A2042}.Debug|Any CPU.ActiveCfg = Debug|Any CPU
		{9719E34D-9233-47A0-B655-399DA51A2042}.Debug|Any CPU.Build.0 = Debug|Any CPU
		{9719E34D-9233-47A0-B655-399DA51A2042}.Release|Any CPU.ActiveCfg = Release|Any CPU
		{9719E34D-9233-47A0-B655-399DA51A2042}.Release|Any CPU.Build.0 = Release|Any CPU
		{F17100BC-5EA9-4C5C-BCA6-47700D7A959D}.Debug|Any CPU.ActiveCfg = Debug|Any CPU
		{F17100BC-5EA9-4C5C-BCA6-47700D7A959D}.Debug|Any CPU.Build.0 = Debug|Any CPU
		{F17100BC-5EA9-4C5C-BCA6-47700D7A959D}.Release|Any CPU.ActiveCfg = Release|Any CPU
		{F17100BC-5EA9-4C5C-BCA6-47700D7A959D}.Release|Any CPU.Build.0 = Release|Any CPU
		{0B9618CC-8F2A-48BE-B3D7-352537CC53D9}.Debug|Any CPU.ActiveCfg = Debug|Any CPU
		{0B9618CC-8F2A-48BE-B3D7-352537CC53D9}.Debug|Any CPU.Build.0 = Debug|Any CPU
		{0B9618CC-8F2A-48BE-B3D7-352537CC53D9}.Release|Any CPU.ActiveCfg = Release|Any CPU
		{0B9618CC-8F2A-48BE-B3D7-352537CC53D9}.Release|Any CPU.Build.0 = Release|Any CPU
		{FE3E3012-8661-47B3-959A-9FC4EB7355CB}.Debug|Any CPU.ActiveCfg = Debug|Any CPU
		{FE3E3012-8661-47B3-959A-9FC4EB7355CB}.Debug|Any CPU.Build.0 = Debug|Any CPU
		{FE3E3012-8661-47B3-959A-9FC4EB7355CB}.Release|Any CPU.ActiveCfg = Release|Any CPU
		{FE3E3012-8661-47B3-959A-9FC4EB7355CB}.Release|Any CPU.Build.0 = Release|Any CPU
		{77DCDAD8-B41F-426A-9BFD-6759E550F980}.Debug|Any CPU.ActiveCfg = Debug|Any CPU
		{77DCDAD8-B41F-426A-9BFD-6759E550F980}.Debug|Any CPU.Build.0 = Debug|Any CPU
		{77DCDAD8-B41F-426A-9BFD-6759E550F980}.Release|Any CPU.ActiveCfg = Release|Any CPU
		{77DCDAD8-B41F-426A-9BFD-6759E550F980}.Release|Any CPU.Build.0 = Release|Any CPU
		{118BF8BC-5145-4BF6-81CD-C1B188515B9C}.Debug|Any CPU.ActiveCfg = Debug|Any CPU
		{118BF8BC-5145-4BF6-81CD-C1B188515B9C}.Debug|Any CPU.Build.0 = Debug|Any CPU
		{118BF8BC-5145-4BF6-81CD-C1B188515B9C}.Release|Any CPU.ActiveCfg = Release|Any CPU
		{118BF8BC-5145-4BF6-81CD-C1B188515B9C}.Release|Any CPU.Build.0 = Release|Any CPU
		{BFD7D1E0-10D2-4158-87A3-0E5A58B98278}.Debug|Any CPU.ActiveCfg = Debug|Any CPU
		{BFD7D1E0-10D2-4158-87A3-0E5A58B98278}.Debug|Any CPU.Build.0 = Debug|Any CPU
		{BFD7D1E0-10D2-4158-87A3-0E5A58B98278}.Release|Any CPU.ActiveCfg = Release|Any CPU
		{BFD7D1E0-10D2-4158-87A3-0E5A58B98278}.Release|Any CPU.Build.0 = Release|Any CPU
		{82184690-FCE4-48D9-BD74-73F2B43C0E97}.Debug|Any CPU.ActiveCfg = Debug|Any CPU
		{82184690-FCE4-48D9-BD74-73F2B43C0E97}.Debug|Any CPU.Build.0 = Debug|Any CPU
		{82184690-FCE4-48D9-BD74-73F2B43C0E97}.Release|Any CPU.ActiveCfg = Release|Any CPU
		{82184690-FCE4-48D9-BD74-73F2B43C0E97}.Release|Any CPU.Build.0 = Release|Any CPU
		{93A3EBC2-54B8-431A-9864-693A2D6D0223}.Debug|Any CPU.ActiveCfg = Debug|Any CPU
		{93A3EBC2-54B8-431A-9864-693A2D6D0223}.Debug|Any CPU.Build.0 = Debug|Any CPU
		{93A3EBC2-54B8-431A-9864-693A2D6D0223}.Release|Any CPU.ActiveCfg = Release|Any CPU
		{93A3EBC2-54B8-431A-9864-693A2D6D0223}.Release|Any CPU.Build.0 = Release|Any CPU
		{4DFB974C-29C5-471A-A6E1-2DAF17203A8F}.Debug|Any CPU.ActiveCfg = Debug|Any CPU
		{4DFB974C-29C5-471A-A6E1-2DAF17203A8F}.Debug|Any CPU.Build.0 = Debug|Any CPU
		{4DFB974C-29C5-471A-A6E1-2DAF17203A8F}.Release|Any CPU.ActiveCfg = Release|Any CPU
		{4DFB974C-29C5-471A-A6E1-2DAF17203A8F}.Release|Any CPU.Build.0 = Release|Any CPU
		{E7A921C3-E17F-4469-AC2F-0BB33E804641}.Debug|Any CPU.ActiveCfg = Debug|Any CPU
		{E7A921C3-E17F-4469-AC2F-0BB33E804641}.Debug|Any CPU.Build.0 = Debug|Any CPU
		{E7A921C3-E17F-4469-AC2F-0BB33E804641}.Release|Any CPU.ActiveCfg = Release|Any CPU
		{E7A921C3-E17F-4469-AC2F-0BB33E804641}.Release|Any CPU.Build.0 = Release|Any CPU
		{E7AA4325-5787-44B9-9CED-2F5275D5543C}.Debug|Any CPU.ActiveCfg = Debug|Any CPU
		{E7AA4325-5787-44B9-9CED-2F5275D5543C}.Debug|Any CPU.Build.0 = Debug|Any CPU
		{E7AA4325-5787-44B9-9CED-2F5275D5543C}.Release|Any CPU.ActiveCfg = Release|Any CPU
		{E7AA4325-5787-44B9-9CED-2F5275D5543C}.Release|Any CPU.Build.0 = Release|Any CPU
		{4667507A-40A0-4697-B092-9EF70B3B2C73}.Debug|Any CPU.ActiveCfg = Debug|Any CPU
		{4667507A-40A0-4697-B092-9EF70B3B2C73}.Debug|Any CPU.Build.0 = Debug|Any CPU
		{4667507A-40A0-4697-B092-9EF70B3B2C73}.Release|Any CPU.ActiveCfg = Release|Any CPU
		{4667507A-40A0-4697-B092-9EF70B3B2C73}.Release|Any CPU.Build.0 = Release|Any CPU
		{B4EB6160-616E-4F68-8B27-96B2601D89C8}.Debug|Any CPU.ActiveCfg = Debug|Any CPU
		{B4EB6160-616E-4F68-8B27-96B2601D89C8}.Debug|Any CPU.Build.0 = Debug|Any CPU
		{B4EB6160-616E-4F68-8B27-96B2601D89C8}.Release|Any CPU.ActiveCfg = Release|Any CPU
		{B4EB6160-616E-4F68-8B27-96B2601D89C8}.Release|Any CPU.Build.0 = Release|Any CPU
		{D2D571F7-82E0-4CF0-8D40-3CE6171BC477}.Debug|Any CPU.ActiveCfg = Debug|Any CPU
		{D2D571F7-82E0-4CF0-8D40-3CE6171BC477}.Debug|Any CPU.Build.0 = Debug|Any CPU
		{D2D571F7-82E0-4CF0-8D40-3CE6171BC477}.Release|Any CPU.ActiveCfg = Release|Any CPU
		{D2D571F7-82E0-4CF0-8D40-3CE6171BC477}.Release|Any CPU.Build.0 = Release|Any CPU
		{A85B64C2-1093-4EE4-878C-793E8956C730}.Debug|Any CPU.ActiveCfg = Debug|Any CPU
		{A85B64C2-1093-4EE4-878C-793E8956C730}.Debug|Any CPU.Build.0 = Debug|Any CPU
		{A85B64C2-1093-4EE4-878C-793E8956C730}.Release|Any CPU.ActiveCfg = Release|Any CPU
		{A85B64C2-1093-4EE4-878C-793E8956C730}.Release|Any CPU.Build.0 = Release|Any CPU
		{68A2B5AB-EA86-4D7B-B7BC-90CB0F58F257}.Debug|Any CPU.ActiveCfg = Debug|Any CPU
		{68A2B5AB-EA86-4D7B-B7BC-90CB0F58F257}.Debug|Any CPU.Build.0 = Debug|Any CPU
		{68A2B5AB-EA86-4D7B-B7BC-90CB0F58F257}.Release|Any CPU.ActiveCfg = Release|Any CPU
		{68A2B5AB-EA86-4D7B-B7BC-90CB0F58F257}.Release|Any CPU.Build.0 = Release|Any CPU
		{4028F021-93BA-42E5-8CD3-C9A23DED7DE1}.Debug|Any CPU.ActiveCfg = Debug|Any CPU
		{4028F021-93BA-42E5-8CD3-C9A23DED7DE1}.Debug|Any CPU.Build.0 = Debug|Any CPU
		{4028F021-93BA-42E5-8CD3-C9A23DED7DE1}.Release|Any CPU.ActiveCfg = Release|Any CPU
		{4028F021-93BA-42E5-8CD3-C9A23DED7DE1}.Release|Any CPU.Build.0 = Release|Any CPU
		{8FE556C7-D644-474E-AAD5-756BCE6713AE}.Debug|Any CPU.ActiveCfg = Debug|Any CPU
		{8FE556C7-D644-474E-AAD5-756BCE6713AE}.Debug|Any CPU.Build.0 = Debug|Any CPU
		{8FE556C7-D644-474E-AAD5-756BCE6713AE}.Release|Any CPU.ActiveCfg = Release|Any CPU
		{8FE556C7-D644-474E-AAD5-756BCE6713AE}.Release|Any CPU.Build.0 = Release|Any CPU
		{2404D6B0-F174-470E-A790-CFD2723D5612}.Debug|Any CPU.ActiveCfg = Debug|Any CPU
		{2404D6B0-F174-470E-A790-CFD2723D5612}.Debug|Any CPU.Build.0 = Debug|Any CPU
		{2404D6B0-F174-470E-A790-CFD2723D5612}.Release|Any CPU.ActiveCfg = Release|Any CPU
		{2404D6B0-F174-470E-A790-CFD2723D5612}.Release|Any CPU.Build.0 = Release|Any CPU
		{4EB0D78D-B12D-4EA9-9387-2319503F38F5}.Debug|Any CPU.ActiveCfg = Debug|Any CPU
		{4EB0D78D-B12D-4EA9-9387-2319503F38F5}.Debug|Any CPU.Build.0 = Debug|Any CPU
		{4EB0D78D-B12D-4EA9-9387-2319503F38F5}.Release|Any CPU.ActiveCfg = Release|Any CPU
		{4EB0D78D-B12D-4EA9-9387-2319503F38F5}.Release|Any CPU.Build.0 = Release|Any CPU
		{2B746851-ED82-4021-8DE6-E3F95D8E3CE5}.Debug|Any CPU.ActiveCfg = Debug|Any CPU
		{2B746851-ED82-4021-8DE6-E3F95D8E3CE5}.Debug|Any CPU.Build.0 = Debug|Any CPU
		{2B746851-ED82-4021-8DE6-E3F95D8E3CE5}.Release|Any CPU.ActiveCfg = Release|Any CPU
		{2B746851-ED82-4021-8DE6-E3F95D8E3CE5}.Release|Any CPU.Build.0 = Release|Any CPU
		{6478FCAE-567C-4F13-9140-C6723CDA4EAF}.Debug|Any CPU.ActiveCfg = Debug|Any CPU
		{6478FCAE-567C-4F13-9140-C6723CDA4EAF}.Debug|Any CPU.Build.0 = Debug|Any CPU
		{6478FCAE-567C-4F13-9140-C6723CDA4EAF}.Release|Any CPU.ActiveCfg = Release|Any CPU
		{6478FCAE-567C-4F13-9140-C6723CDA4EAF}.Release|Any CPU.Build.0 = Release|Any CPU
		{F7BD5FD1-7390-4B43-8BE0-292CF7DC925A}.Debug|Any CPU.ActiveCfg = Debug|Any CPU
		{F7BD5FD1-7390-4B43-8BE0-292CF7DC925A}.Debug|Any CPU.Build.0 = Debug|Any CPU
		{F7BD5FD1-7390-4B43-8BE0-292CF7DC925A}.Release|Any CPU.ActiveCfg = Release|Any CPU
		{F7BD5FD1-7390-4B43-8BE0-292CF7DC925A}.Release|Any CPU.Build.0 = Release|Any CPU
		{B9914FE3-EE09-4C2B-856F-4C6A05E0C726}.Debug|Any CPU.ActiveCfg = Debug|Any CPU
		{B9914FE3-EE09-4C2B-856F-4C6A05E0C726}.Debug|Any CPU.Build.0 = Debug|Any CPU
		{B9914FE3-EE09-4C2B-856F-4C6A05E0C726}.Release|Any CPU.ActiveCfg = Release|Any CPU
		{B9914FE3-EE09-4C2B-856F-4C6A05E0C726}.Release|Any CPU.Build.0 = Release|Any CPU
	EndGlobalSection
	GlobalSection(SolutionProperties) = preSolution
		HideSolutionNode = FALSE
	EndGlobalSection
	GlobalSection(NestedProjects) = preSolution
		{67F0E1E6-0E12-40F5-B71F-EC9E217914F7} = {590DC3CE-52ED-49F5-A16A-EE9516C15B4A}
		{7EAE4108-CF20-42E8-B011-8D9F2F891026} = {590DC3CE-52ED-49F5-A16A-EE9516C15B4A}
		{08ED1B4B-711C-4500-A380-F9454288E691} = {590DC3CE-52ED-49F5-A16A-EE9516C15B4A}
		{ECD40C19-C21B-453B-A57C-22BC884F12CB} = {590DC3CE-52ED-49F5-A16A-EE9516C15B4A}
		{E3356AE6-5B85-4163-B647-EFD7DC544FFC} = {590DC3CE-52ED-49F5-A16A-EE9516C15B4A}
		{442F8983-D130-4EDC-85FF-BD3372E40A25} = {590DC3CE-52ED-49F5-A16A-EE9516C15B4A}
		{F622287B-B0EF-48F7-98AC-158FB71C2480} = {590DC3CE-52ED-49F5-A16A-EE9516C15B4A}
		{0FC531E9-3BA9-4DAB-9C6B-813D873F80AF} = {590DC3CE-52ED-49F5-A16A-EE9516C15B4A}
		{3BCA8A82-0242-434C-9299-C6CD5D49F301} = {590DC3CE-52ED-49F5-A16A-EE9516C15B4A}
		{18A0C631-63F2-466B-9195-9AD75543FF66} = {590DC3CE-52ED-49F5-A16A-EE9516C15B4A}
		{9719E34D-9233-47A0-B655-399DA51A2042} = {590DC3CE-52ED-49F5-A16A-EE9516C15B4A}
		{F17100BC-5EA9-4C5C-BCA6-47700D7A959D} = {590DC3CE-52ED-49F5-A16A-EE9516C15B4A}
		{0B9618CC-8F2A-48BE-B3D7-352537CC53D9} = {590DC3CE-52ED-49F5-A16A-EE9516C15B4A}
		{FE3E3012-8661-47B3-959A-9FC4EB7355CB} = {590DC3CE-52ED-49F5-A16A-EE9516C15B4A}
		{77DCDAD8-B41F-426A-9BFD-6759E550F980} = {590DC3CE-52ED-49F5-A16A-EE9516C15B4A}
		{118BF8BC-5145-4BF6-81CD-C1B188515B9C} = {590DC3CE-52ED-49F5-A16A-EE9516C15B4A}
		{BFD7D1E0-10D2-4158-87A3-0E5A58B98278} = {590DC3CE-52ED-49F5-A16A-EE9516C15B4A}
		{82184690-FCE4-48D9-BD74-73F2B43C0E97} = {590DC3CE-52ED-49F5-A16A-EE9516C15B4A}
		{93A3EBC2-54B8-431A-9864-693A2D6D0223} = {590DC3CE-52ED-49F5-A16A-EE9516C15B4A}
		{4DFB974C-29C5-471A-A6E1-2DAF17203A8F} = {590DC3CE-52ED-49F5-A16A-EE9516C15B4A}
		{E7A921C3-E17F-4469-AC2F-0BB33E804641} = {590DC3CE-52ED-49F5-A16A-EE9516C15B4A}
		{E7AA4325-5787-44B9-9CED-2F5275D5543C} = {590DC3CE-52ED-49F5-A16A-EE9516C15B4A}
		{4667507A-40A0-4697-B092-9EF70B3B2C73} = {590DC3CE-52ED-49F5-A16A-EE9516C15B4A}
		{B4EB6160-616E-4F68-8B27-96B2601D89C8} = {CCA9D10F-4ABA-4A7D-A82A-5EB8A3FCAD66}
		{D2D571F7-82E0-4CF0-8D40-3CE6171BC477} = {CCA9D10F-4ABA-4A7D-A82A-5EB8A3FCAD66}
		{A85B64C2-1093-4EE4-878C-793E8956C730} = {CCA9D10F-4ABA-4A7D-A82A-5EB8A3FCAD66}
		{4028F021-93BA-42E5-8CD3-C9A23DED7DE1} = {CCA9D10F-4ABA-4A7D-A82A-5EB8A3FCAD66}
		{8FE556C7-D644-474E-AAD5-756BCE6713AE} = {CCA9D10F-4ABA-4A7D-A82A-5EB8A3FCAD66}
		{2404D6B0-F174-470E-A790-CFD2723D5612} = {CCA9D10F-4ABA-4A7D-A82A-5EB8A3FCAD66}
		{4EB0D78D-B12D-4EA9-9387-2319503F38F5} = {CCA9D10F-4ABA-4A7D-A82A-5EB8A3FCAD66}
		{2B746851-ED82-4021-8DE6-E3F95D8E3CE5} = {CCA9D10F-4ABA-4A7D-A82A-5EB8A3FCAD66}
		{6478FCAE-567C-4F13-9140-C6723CDA4EAF} = {CCA9D10F-4ABA-4A7D-A82A-5EB8A3FCAD66}
		{F7BD5FD1-7390-4B43-8BE0-292CF7DC925A} = {CCA9D10F-4ABA-4A7D-A82A-5EB8A3FCAD66}
		{B9914FE3-EE09-4C2B-856F-4C6A05E0C726} = {CCA9D10F-4ABA-4A7D-A82A-5EB8A3FCAD66}
	EndGlobalSection
	GlobalSection(ExtensibilityGlobals) = postSolution
		SolutionGuid = {6B3B99B5-6B47-4565-9337-6FFB4ACF6128}
	EndGlobalSection
EndGlobal
